{
  "name": "ajs-lib",
  "version": "1.0.0",
  "lockfileVersion": 1,
  "requires": true,
  "dependencies": {
    "@saylance2503/ajs": {
      "version": "1.0.0",
      "resolved": "https://npm.pkg.github.com/download/@saylance2503/ajs/1.0.0/fc6646d9df7f06bb21036daa6c66b51af95a1e08",
      "integrity": "sha512-/tPonWGeTtg51BstHEqAq6tpI0nofG/mIMSjZ19zJYfGNQdJ/moEI/G4w/Pu7Id4jDi+K0QqGifVbhFd9Po4Gg=="
    }
  }
}
